{
  "requires": true,
  "lockfileVersion": 1,
  "dependencies": {
    "flatpickr": {
      "version": "4.6.8",
      "resolved": "https://registry.npmjs.org/flatpickr/-/flatpickr-4.6.8.tgz",
      "integrity": "sha512-HrCTEMAf7SCX02GF/9zh7O3pr8v4IVsFBg2WAkHw3PjFK3SAgpRTtfKtOBylAduT80zsZJsDbtRs0FL+EDrq3w=="
    },
    "solar-calc": {
      "version": "1.1.0",
      "resolved": "https://registry.npmjs.org/solar-calc/-/solar-calc-1.1.0.tgz",
      "integrity": "sha1-j9J+Bb7ZIyn9iko/mhhaZG5AP8c="
    }
  }
}
